
Microsoft Visual Studio Solution File, Format Version 12.00
# Visual Studio Version 17
VisualStudioVersion = 17.0.31903.59
MinimumVisualStudioVersion = 10.0.40219.1
Project("{9A19103F-16F7-4668-BE54-9A1E7A4F7556}") = "SuneDoes.UI", "SuneDoes.UI\SuneDoes.UI.csproj", "{5D4FCE8E-1B66-4B6E-9871-70CA02BAB27C}"
EndProject
Project("{2150E333-8FDC-42A3-9474-1A3956D46DE8}") = "k8s", "k8s", "{3B9B0639-23A4-4C1D-BF83-FFF6265A73D0}"
	ProjectSection(SolutionItems) = preProject
		.k8s\sunedoes.config.yaml = .k8s\sunedoes.config.yaml
		.k8s\sunedoes.deployment.yaml = .k8s\sunedoes.deployment.yaml
		.k8s\sunedoes.service.yaml = .k8s\sunedoes.service.yaml
	EndProjectSection
EndProject
Global
	GlobalSection(SolutionConfigurationPlatforms) = preSolution
		Debug|Any CPU = Debug|Any CPU
		Release|Any CPU = Release|Any CPU
	EndGlobalSection
	GlobalSection(ProjectConfigurationPlatforms) = postSolution
		{5D4FCE8E-1B66-4B6E-9871-70CA02BAB27C}.Debug|Any CPU.ActiveCfg = Debug|Any CPU
		{5D4FCE8E-1B66-4B6E-9871-70CA02BAB27C}.Debug|Any CPU.Build.0 = Debug|Any CPU
		{5D4FCE8E-1B66-4B6E-9871-70CA02BAB27C}.Release|Any CPU.ActiveCfg = Release|Any CPU
		{5D4FCE8E-1B66-4B6E-9871-70CA02BAB27C}.Release|Any CPU.Build.0 = Release|Any CPU
	EndGlobalSection
	GlobalSection(SolutionProperties) = preSolution
		HideSolutionNode = FALSE
	EndGlobalSection
	GlobalSection(ExtensibilityGlobals) = postSolution
		SolutionGuid = {8E7EEF15-48C5-4F76-B7CB-663CDC3485CC}
	EndGlobalSection
EndGlobal
